
Microsoft Visual Studio Solution File, Format Version 12.00
# Visual Studio Version 16
VisualStudioVersion = 16.0.31911.196
MinimumVisualStudioVersion = 10.0.40219.1
Project("{FAE04EC0-301F-11D3-BF4B-00C04F79EFBC}") = "tictactoe-wpf", "tictactoe-wpf\tictactoe-wpf.csproj", "{4EE4032B-F901-4825-90A6-FC589354CCC6}"
EndProject
Global
	GlobalSection(SolutionConfigurationPlatforms) = preSolution
		Debug|Any CPU = Debug|Any CPU
		Release|Any CPU = Release|Any CPU
	EndGlobalSection
	GlobalSection(ProjectConfigurationPlatforms) = postSolution
		{4EE4032B-F901-4825-90A6-FC589354CCC6}.Debug|Any CPU.ActiveCfg = Debug|Any CPU
		{4EE4032B-F901-4825-90A6-FC589354CCC6}.Debug|Any CPU.Build.0 = Debug|Any CPU
		{4EE4032B-F901-4825-90A6-FC589354CCC6}.Release|Any CPU.ActiveCfg = Release|Any CPU
		{4EE4032B-F901-4825-90A6-FC589354CCC6}.Release|Any CPU.Build.0 = Release|Any CPU
	EndGlobalSection
	GlobalSection(SolutionProperties) = preSolution
		HideSolutionNode = FALSE
	EndGlobalSection
	GlobalSection(ExtensibilityGlobals) = postSolution
		SolutionGuid = {3EE0D0BC-FC29-4799-A997-7813EE8A78B1}
	EndGlobalSection
EndGlobal
